// !$*UTF8*$!
{
	archiveVersion = 1;
	classes = {
	};
	objectVersion = 55;
	objects = {

/* Begin PBXBuildFile section */
		41207CC7277C474B00D8DF3E /* AnimalGridItemView.swift in Sources */ = {isa = PBXBuildFile; fileRef = 41207CC6277C474B00D8DF3E /* AnimalGridItemView.swift */; };
		41207CE5277C549100D8DF3E /* Stickers.xcassets in Resources */ = {isa = PBXBuildFile; fileRef = 41207CE4277C549100D8DF3E /* Stickers.xcassets */; };
		41207CE9277C549100D8DF3E /* Stickers.appex in Embed App Extensions */ = {isa = PBXBuildFile; fileRef = 41207CE2277C548E00D8DF3E /* Stickers.appex */; platformFilter = ios; settings = {ATTRIBUTES = (RemoveHeadersOnCopy, ); }; };
		41207CEE277C57A500D8DF3E /* CreditsView.swift in Sources */ = {isa = PBXBuildFile; fileRef = 41207CED277C57A500D8DF3E /* CreditsView.swift */; };
		41207CF1277C5B0500D8DF3E /* CenterModifer.swift in Sources */ = {isa = PBXBuildFile; fileRef = 41207CF0277C5B0500D8DF3E /* CenterModifer.swift */; };
		412F79AD27795554008FF1DA /* VideoPlayerView.swift in Sources */ = {isa = PBXBuildFile; fileRef = 412F79AC27795554008FF1DA /* VideoPlayerView.swift */; };
		412F79B02779571A008FF1DA /* VideoPlayerHelper.swift in Sources */ = {isa = PBXBuildFile; fileRef = 412F79AF2779571A008FF1DA /* VideoPlayerHelper.swift */; };
		412F79B2277A0148008FF1DA /* LocationModel.swift in Sources */ = {isa = PBXBuildFile; fileRef = 412F79B1277A0148008FF1DA /* LocationModel.swift */; };
		412F79B7277A05DA008FF1DA /* MapAnnotationView.swift in Sources */ = {isa = PBXBuildFile; fileRef = 412F79B6277A05DA008FF1DA /* MapAnnotationView.swift */; };
		412F79BA277AAC6A008FF1DA /* MotionAnimationView.swift in Sources */ = {isa = PBXBuildFile; fileRef = 412F79B9277AAC6A008FF1DA /* MotionAnimationView.swift */; };
		413942122760A79F005B42B4 /* AfricaApp.swift in Sources */ = {isa = PBXBuildFile; fileRef = 413942112760A79F005B42B4 /* AfricaApp.swift */; };
		413942142760A79F005B42B4 /* ContentView.swift in Sources */ = {isa = PBXBuildFile; fileRef = 413942132760A79F005B42B4 /* ContentView.swift */; };
		413942162760A7A2005B42B4 /* Assets.xcassets in Resources */ = {isa = PBXBuildFile; fileRef = 413942152760A7A2005B42B4 /* Assets.xcassets */; };
		413942192760A7A2005B42B4 /* Preview Assets.xcassets in Resources */ = {isa = PBXBuildFile; fileRef = 413942182760A7A2005B42B4 /* Preview Assets.xcassets */; };
		4139422B2761ED43005B42B4 /* rhino.mp4 in Resources */ = {isa = PBXBuildFile; fileRef = 413942212761ED3C005B42B4 /* rhino.mp4 */; };
		4139422C2761ED43005B42B4 /* elephant.mp4 in Resources */ = {isa = PBXBuildFile; fileRef = 413942222761ED3D005B42B4 /* elephant.mp4 */; };
		4139422D2761ED43005B42B4 /* hippo.mp4 in Resources */ = {isa = PBXBuildFile; fileRef = 413942232761ED3D005B42B4 /* hippo.mp4 */; };
		4139422E2761ED43005B42B4 /* ostrich.mp4 in Resources */ = {isa = PBXBuildFile; fileRef = 413942242761ED3E005B42B4 /* ostrich.mp4 */; };
		4139422F2761ED43005B42B4 /* zebra.mp4 in Resources */ = {isa = PBXBuildFile; fileRef = 413942252761ED3F005B42B4 /* zebra.mp4 */; };
		413942302761ED43005B42B4 /* lion.mp4 in Resources */ = {isa = PBXBuildFile; fileRef = 413942262761ED3F005B42B4 /* lion.mp4 */; };
		413942312761ED43005B42B4 /* giraffe.mp4 in Resources */ = {isa = PBXBuildFile; fileRef = 413942272761ED40005B42B4 /* giraffe.mp4 */; };
		413942322761ED43005B42B4 /* cheetah.mp4 in Resources */ = {isa = PBXBuildFile; fileRef = 413942282761ED42005B42B4 /* cheetah.mp4 */; };
		413942332761ED43005B42B4 /* gorilla.mp4 in Resources */ = {isa = PBXBuildFile; fileRef = 413942292761ED43005B42B4 /* gorilla.mp4 */; };
		413942342761ED43005B42B4 /* lioness.mp4 in Resources */ = {isa = PBXBuildFile; fileRef = 4139422A2761ED43005B42B4 /* lioness.mp4 */; };
		4139423A2761EE2C005B42B4 /* videos.json in Resources */ = {isa = PBXBuildFile; fileRef = 413942362761EE2C005B42B4 /* videos.json */; };
		4139423B2761EE2C005B42B4 /* animals.json in Resources */ = {isa = PBXBuildFile; fileRef = 413942372761EE2C005B42B4 /* animals.json */; };
		4139423C2761EE2C005B42B4 /* covers.json in Resources */ = {isa = PBXBuildFile; fileRef = 413942382761EE2C005B42B4 /* covers.json */; };
		4139423D2761EE2C005B42B4 /* locations.json in Resources */ = {isa = PBXBuildFile; fileRef = 413942392761EE2C005B42B4 /* locations.json */; };
		413942402761F0C3005B42B4 /* MainView.swift in Sources */ = {isa = PBXBuildFile; fileRef = 4139423F2761F0C3005B42B4 /* MainView.swift */; };
		413942442761F118005B42B4 /* VideoListView.swift in Sources */ = {isa = PBXBuildFile; fileRef = 413942432761F118005B42B4 /* VideoListView.swift */; };
		413942462761F12F005B42B4 /* MapView.swift in Sources */ = {isa = PBXBuildFile; fileRef = 413942452761F12F005B42B4 /* MapView.swift */; };
		413942482761F13F005B42B4 /* GalleryView.swift in Sources */ = {isa = PBXBuildFile; fileRef = 413942472761F13F005B42B4 /* GalleryView.swift */; };
		4139424B2762EBEB005B42B4 /* CoverImageView.swift in Sources */ = {isa = PBXBuildFile; fileRef = 4139424A2762EBEB005B42B4 /* CoverImageView.swift */; };
		4139424E2762EE08005B42B4 /* CoverImageModel.swift in Sources */ = {isa = PBXBuildFile; fileRef = 4139424D2762EE08005B42B4 /* CoverImageModel.swift */; };
		413942512762EF47005B42B4 /* CodableBundleExtension.swift in Sources */ = {isa = PBXBuildFile; fileRef = 413942502762EF47005B42B4 /* CodableBundleExtension.swift */; };
		41394253276306BC005B42B4 /* AnimalListItemView.swift in Sources */ = {isa = PBXBuildFile; fileRef = 41394252276306BC005B42B4 /* AnimalListItemView.swift */; };
		4139425527630AE5005B42B4 /* AnimalModel.swift in Sources */ = {isa = PBXBuildFile; fileRef = 4139425427630AE5005B42B4 /* AnimalModel.swift */; };
		4139425C2763329A005B42B4 /* AnimalDetailView.swift in Sources */ = {isa = PBXBuildFile; fileRef = 4139425B2763329A005B42B4 /* AnimalDetailView.swift */; };
		4139425E2763405D005B42B4 /* HeaderView.swift in Sources */ = {isa = PBXBuildFile; fileRef = 4139425D2763405D005B42B4 /* HeaderView.swift */; };
		41EBA4262763447800068F91 /* InsetGalleryView.swift in Sources */ = {isa = PBXBuildFile; fileRef = 41EBA4252763447800068F91 /* InsetGalleryView.swift */; };
		41EBA428277060A300068F91 /* InsetFactView.swift in Sources */ = {isa = PBXBuildFile; fileRef = 41EBA427277060A300068F91 /* InsetFactView.swift */; };
		41EBA42C2770675500068F91 /* InsetMapView.swift in Sources */ = {isa = PBXBuildFile; fileRef = 41EBA42B2770675500068F91 /* InsetMapView.swift */; };
		41EBA42E27706C1800068F91 /* ExternalWebLinkView.swift in Sources */ = {isa = PBXBuildFile; fileRef = 41EBA42D27706C1800068F91 /* ExternalWebLinkView.swift */; };
		41EBA430277303F800068F91 /* VideoModel.swift in Sources */ = {isa = PBXBuildFile; fileRef = 41EBA42F277303F700068F91 /* VideoModel.swift */; };
		41EBA435277305EB00068F91 /* VideoListItem.swift in Sources */ = {isa = PBXBuildFile; fileRef = 41EBA434277305EB00068F91 /* VideoListItem.swift */; };
/* End PBXBuildFile section */

/* Begin PBXContainerItemProxy section */
		41207CE7277C549100D8DF3E /* PBXContainerItemProxy */ = {
			isa = PBXContainerItemProxy;
			containerPortal = 413942062760A79F005B42B4 /* Project object */;
			proxyType = 1;
			remoteGlobalIDString = 41207CE1277C548E00D8DF3E;
			remoteInfo = Stickers;
		};
/* End PBXContainerItemProxy section */

/* Begin PBXCopyFilesBuildPhase section */
		41207CDF277C536D00D8DF3E /* Embed App Extensions */ = {
			isa = PBXCopyFilesBuildPhase;
			buildActionMask = 2147483647;
			dstPath = "";
			dstSubfolderSpec = 13;
			files = (
				41207CE9277C549100D8DF3E /* Stickers.appex in Embed App Extensions */,
			);
			name = "Embed App Extensions";
			runOnlyForDeploymentPostprocessing = 0;
		};
/* End PBXCopyFilesBuildPhase section */

/* Begin PBXFileReference section */
		41207CC6277C474B00D8DF3E /* AnimalGridItemView.swift */ = {isa = PBXFileReference; lastKnownFileType = sourcecode.swift; path = AnimalGridItemView.swift; sourceTree = "<group>"; };
		41207CCE277C536800D8DF3E /* Messages.framework */ = {isa = PBXFileReference; lastKnownFileType = wrapper.framework; name = Messages.framework; path = System/Library/Frameworks/Messages.framework; sourceTree = SDKROOT; };
		41207CE2277C548E00D8DF3E /* Stickers.appex */ = {isa = PBXFileReference; explicitFileType = "wrapper.app-extension"; includeInIndex = 0; path = Stickers.appex; sourceTree = BUILT_PRODUCTS_DIR; };
		41207CE4277C549100D8DF3E /* Stickers.xcassets */ = {isa = PBXFileReference; lastKnownFileType = folder.assetcatalog; path = Stickers.xcassets; sourceTree = "<group>"; };
		41207CE6277C549100D8DF3E /* Info.plist */ = {isa = PBXFileReference; lastKnownFileType = text.plist.xml; path = Info.plist; sourceTree = "<group>"; };
		41207CED277C57A500D8DF3E /* CreditsView.swift */ = {isa = PBXFileReference; lastKnownFileType = sourcecode.swift; path = CreditsView.swift; sourceTree = "<group>"; };
		41207CF0277C5B0500D8DF3E /* CenterModifer.swift */ = {isa = PBXFileReference; lastKnownFileType = sourcecode.swift; path = CenterModifer.swift; sourceTree = "<group>"; };
		41207CF2277C5FFA00D8DF3E /* Africa.entitlements */ = {isa = PBXFileReference; lastKnownFileType = text.plist.entitlements; path = Africa.entitlements; sourceTree = "<group>"; };
		412F79AC27795554008FF1DA /* VideoPlayerView.swift */ = {isa = PBXFileReference; lastKnownFileType = sourcecode.swift; path = VideoPlayerView.swift; sourceTree = "<group>"; };
		412F79AF2779571A008FF1DA /* VideoPlayerHelper.swift */ = {isa = PBXFileReference; lastKnownFileType = sourcecode.swift; path = VideoPlayerHelper.swift; sourceTree = "<group>"; };
		412F79B1277A0148008FF1DA /* LocationModel.swift */ = {isa = PBXFileReference; lastKnownFileType = sourcecode.swift; path = LocationModel.swift; sourceTree = "<group>"; };
		412F79B6277A05DA008FF1DA /* MapAnnotationView.swift */ = {isa = PBXFileReference; lastKnownFileType = sourcecode.swift; path = MapAnnotationView.swift; sourceTree = "<group>"; };
		412F79B9277AAC6A008FF1DA /* MotionAnimationView.swift */ = {isa = PBXFileReference; lastKnownFileType = sourcecode.swift; path = MotionAnimationView.swift; sourceTree = "<group>"; };
		4139420E2760A79F005B42B4 /* Africa.app */ = {isa = PBXFileReference; explicitFileType = wrapper.application; includeInIndex = 0; path = Africa.app; sourceTree = BUILT_PRODUCTS_DIR; };
		413942112760A79F005B42B4 /* AfricaApp.swift */ = {isa = PBXFileReference; lastKnownFileType = sourcecode.swift; path = AfricaApp.swift; sourceTree = "<group>"; };
		413942132760A79F005B42B4 /* ContentView.swift */ = {isa = PBXFileReference; lastKnownFileType = sourcecode.swift; path = ContentView.swift; sourceTree = "<group>"; };
		413942152760A7A2005B42B4 /* Assets.xcassets */ = {isa = PBXFileReference; lastKnownFileType = folder.assetcatalog; path = Assets.xcassets; sourceTree = "<group>"; };
		413942182760A7A2005B42B4 /* Preview Assets.xcassets */ = {isa = PBXFileReference; lastKnownFileType = folder.assetcatalog; path = "Preview Assets.xcassets"; sourceTree = "<group>"; };
		413942212761ED3C005B42B4 /* rhino.mp4 */ = {isa = PBXFileReference; lastKnownFileType = file; path = rhino.mp4; sourceTree = "<group>"; };
		413942222761ED3D005B42B4 /* elephant.mp4 */ = {isa = PBXFileReference; lastKnownFileType = file; path = elephant.mp4; sourceTree = "<group>"; };
		413942232761ED3D005B42B4 /* hippo.mp4 */ = {isa = PBXFileReference; lastKnownFileType = file; path = hippo.mp4; sourceTree = "<group>"; };
		413942242761ED3E005B42B4 /* ostrich.mp4 */ = {isa = PBXFileReference; lastKnownFileType = file; path = ostrich.mp4; sourceTree = "<group>"; };
		413942252761ED3F005B42B4 /* zebra.mp4 */ = {isa = PBXFileReference; lastKnownFileType = file; path = zebra.mp4; sourceTree = "<group>"; };
		413942262761ED3F005B42B4 /* lion.mp4 */ = {isa = PBXFileReference; lastKnownFileType = file; path = lion.mp4; sourceTree = "<group>"; };
		413942272761ED40005B42B4 /* giraffe.mp4 */ = {isa = PBXFileReference; lastKnownFileType = file; path = giraffe.mp4; sourceTree = "<group>"; };
		413942282761ED42005B42B4 /* cheetah.mp4 */ = {isa = PBXFileReference; lastKnownFileType = file; path = cheetah.mp4; sourceTree = "<group>"; };
		413942292761ED43005B42B4 /* gorilla.mp4 */ = {isa = PBXFileReference; lastKnownFileType = file; path = gorilla.mp4; sourceTree = "<group>"; };
		4139422A2761ED43005B42B4 /* lioness.mp4 */ = {isa = PBXFileReference; lastKnownFileType = file; path = lioness.mp4; sourceTree = "<group>"; };
		413942362761EE2C005B42B4 /* videos.json */ = {isa = PBXFileReference; fileEncoding = 4; lastKnownFileType = text.json; path = videos.json; sourceTree = "<group>"; };
		413942372761EE2C005B42B4 /* animals.json */ = {isa = PBXFileReference; fileEncoding = 4; lastKnownFileType = text.json; path = animals.json; sourceTree = "<group>"; };
		413942382761EE2C005B42B4 /* covers.json */ = {isa = PBXFileReference; fileEncoding = 4; lastKnownFileType = text.json; path = covers.json; sourceTree = "<group>"; };
		413942392761EE2C005B42B4 /* locations.json */ = {isa = PBXFileReference; fileEncoding = 4; lastKnownFileType = text.json; path = locations.json; sourceTree = "<group>"; };
		4139423E2761EE41005B42B4 /* Info.plist */ = {isa = PBXFileReference; lastKnownFileType = text.plist; path = Info.plist; sourceTree = "<group>"; };
		4139423F2761F0C3005B42B4 /* MainView.swift */ = {isa = PBXFileReference; lastKnownFileType = sourcecode.swift; path = MainView.swift; sourceTree = "<group>"; };
		413942432761F118005B42B4 /* VideoListView.swift */ = {isa = PBXFileReference; lastKnownFileType = sourcecode.swift; path = VideoListView.swift; sourceTree = "<group>"; };
		413942452761F12F005B42B4 /* MapView.swift */ = {isa = PBXFileReference; lastKnownFileType = sourcecode.swift; path = MapView.swift; sourceTree = "<group>"; };
		413942472761F13F005B42B4 /* GalleryView.swift */ = {isa = PBXFileReference; lastKnownFileType = sourcecode.swift; path = GalleryView.swift; sourceTree = "<group>"; };
		4139424A2762EBEB005B42B4 /* CoverImageView.swift */ = {isa = PBXFileReference; lastKnownFileType = sourcecode.swift; path = CoverImageView.swift; sourceTree = "<group>"; };
		4139424D2762EE08005B42B4 /* CoverImageModel.swift */ = {isa = PBXFileReference; lastKnownFileType = sourcecode.swift; path = CoverImageModel.swift; sourceTree = "<group>"; };
		413942502762EF47005B42B4 /* CodableBundleExtension.swift */ = {isa = PBXFileReference; lastKnownFileType = sourcecode.swift; path = CodableBundleExtension.swift; sourceTree = "<group>"; };
		41394252276306BC005B42B4 /* AnimalListItemView.swift */ = {isa = PBXFileReference; lastKnownFileType = sourcecode.swift; path = AnimalListItemView.swift; sourceTree = "<group>"; };
		4139425427630AE5005B42B4 /* AnimalModel.swift */ = {isa = PBXFileReference; lastKnownFileType = sourcecode.swift; path = AnimalModel.swift; sourceTree = "<group>"; };
		4139425B2763329A005B42B4 /* AnimalDetailView.swift */ = {isa = PBXFileReference; lastKnownFileType = sourcecode.swift; path = AnimalDetailView.swift; sourceTree = "<group>"; };
		4139425D2763405D005B42B4 /* HeaderView.swift */ = {isa = PBXFileReference; lastKnownFileType = sourcecode.swift; path = HeaderView.swift; sourceTree = "<group>"; };
		41EBA4252763447800068F91 /* InsetGalleryView.swift */ = {isa = PBXFileReference; lastKnownFileType = sourcecode.swift; path = InsetGalleryView.swift; sourceTree = "<group>"; };
		41EBA427277060A300068F91 /* InsetFactView.swift */ = {isa = PBXFileReference; lastKnownFileType = sourcecode.swift; path = InsetFactView.swift; sourceTree = "<group>"; };
		41EBA42B2770675500068F91 /* InsetMapView.swift */ = {isa = PBXFileReference; lastKnownFileType = sourcecode.swift; path = InsetMapView.swift; sourceTree = "<group>"; };
		41EBA42D27706C1800068F91 /* ExternalWebLinkView.swift */ = {isa = PBXFileReference; lastKnownFileType = sourcecode.swift; path = ExternalWebLinkView.swift; sourceTree = "<group>"; };
		41EBA42F277303F700068F91 /* VideoModel.swift */ = {isa = PBXFileReference; lastKnownFileType = sourcecode.swift; path = VideoModel.swift; sourceTree = "<group>"; };
		41EBA434277305EB00068F91 /* VideoListItem.swift */ = {isa = PBXFileReference; lastKnownFileType = sourcecode.swift; path = VideoListItem.swift; sourceTree = "<group>"; };
/* End PBXFileReference section */

/* Begin PBXFrameworksBuildPhase section */
		4139420B2760A79F005B42B4 /* Frameworks */ = {
			isa = PBXFrameworksBuildPhase;
			buildActionMask = 2147483647;
			files = (
			);
			runOnlyForDeploymentPostprocessing = 0;
		};
/* End PBXFrameworksBuildPhase section */

/* Begin PBXGroup section */
		41207CCD277C536800D8DF3E /* Frameworks */ = {
			isa = PBXGroup;
			children = (
				41207CCE277C536800D8DF3E /* Messages.framework */,
			);
			name = Frameworks;
			sourceTree = "<group>";
		};
		41207CE3277C548E00D8DF3E /* Stickers */ = {
			isa = PBXGroup;
			children = (
				41207CE4277C549100D8DF3E /* Stickers.xcassets */,
				41207CE6277C549100D8DF3E /* Info.plist */,
			);
			path = Stickers;
			sourceTree = "<group>";
		};
		41207CEF277C5AED00D8DF3E /* Modifier */ = {
			isa = PBXGroup;
			children = (
				41207CF0277C5B0500D8DF3E /* CenterModifer.swift */,
			);
			path = Modifier;
			sourceTree = "<group>";
		};
		412F79AE277956F5008FF1DA /* Helper */ = {
			isa = PBXGroup;
			children = (
				412F79AF2779571A008FF1DA /* VideoPlayerHelper.swift */,
			);
			path = Helper;
			sourceTree = "<group>";
		};
		412F79B3277A0459008FF1DA /* Subview */ = {
			isa = PBXGroup;
			children = (
				412F79B6277A05DA008FF1DA /* MapAnnotationView.swift */,
			);
			path = Subview;
			sourceTree = "<group>";
		};
		412F79B8277AAC1E008FF1DA /* Subview */ = {
			isa = PBXGroup;
			children = (
				412F79B9277AAC6A008FF1DA /* MotionAnimationView.swift */,
			);
			path = Subview;
			sourceTree = "<group>";
		};
		413942052760A79F005B42B4 = {
			isa = PBXGroup;
			children = (
				413942102760A79F005B42B4 /* Africa */,
				41207CE3277C548E00D8DF3E /* Stickers */,
				41207CCD277C536800D8DF3E /* Frameworks */,
				4139420F2760A79F005B42B4 /* Products */,
			);
			sourceTree = "<group>";
		};
		4139420F2760A79F005B42B4 /* Products */ = {
			isa = PBXGroup;
			children = (
				4139420E2760A79F005B42B4 /* Africa.app */,
				41207CE2277C548E00D8DF3E /* Stickers.appex */,
			);
			name = Products;
			sourceTree = "<group>";
		};
		413942102760A79F005B42B4 /* Africa */ = {
			isa = PBXGroup;
			children = (
				41207CF2277C5FFA00D8DF3E /* Africa.entitlements */,
				41207CEF277C5AED00D8DF3E /* Modifier */,
				412F79AE277956F5008FF1DA /* Helper */,
				4139424F2762EF28005B42B4 /* Extension */,
				4139424C2762EDE9005B42B4 /* Model */,
				413942352761EE17005B42B4 /* Data */,
				413942202761ED1D005B42B4 /* Video */,
				4139421F2761ED14005B42B4 /* App */,
				413942152760A7A2005B42B4 /* Assets.xcassets */,
				4139423E2761EE41005B42B4 /* Info.plist */,
				413942172760A7A2005B42B4 /* Preview Content */,
			);
			path = Africa;
			sourceTree = "<group>";
		};
		413942172760A7A2005B42B4 /* Preview Content */ = {
			isa = PBXGroup;
			children = (
				413942182760A7A2005B42B4 /* Preview Assets.xcassets */,
			);
			path = "Preview Content";
			sourceTree = "<group>";
		};
		4139421F2761ED14005B42B4 /* App */ = {
			isa = PBXGroup;
			children = (
				413942112760A79F005B42B4 /* AfricaApp.swift */,
				413942412761F0E9005B42B4 /* MainView */,
			);
			path = App;
			sourceTree = "<group>";
		};
		413942202761ED1D005B42B4 /* Video */ = {
			isa = PBXGroup;
			children = (
				413942282761ED42005B42B4 /* cheetah.mp4 */,
				413942222761ED3D005B42B4 /* elephant.mp4 */,
				413942272761ED40005B42B4 /* giraffe.mp4 */,
				413942292761ED43005B42B4 /* gorilla.mp4 */,
				413942232761ED3D005B42B4 /* hippo.mp4 */,
				413942262761ED3F005B42B4 /* lion.mp4 */,
				4139422A2761ED43005B42B4 /* lioness.mp4 */,
				413942242761ED3E005B42B4 /* ostrich.mp4 */,
				413942212761ED3C005B42B4 /* rhino.mp4 */,
				413942252761ED3F005B42B4 /* zebra.mp4 */,
			);
			path = Video;
			sourceTree = "<group>";
		};
		413942352761EE17005B42B4 /* Data */ = {
			isa = PBXGroup;
			children = (
				413942372761EE2C005B42B4 /* animals.json */,
				413942382761EE2C005B42B4 /* covers.json */,
				413942392761EE2C005B42B4 /* locations.json */,
				413942362761EE2C005B42B4 /* videos.json */,
			);
			path = Data;
			sourceTree = "<group>";
		};
		413942412761F0E9005B42B4 /* MainView */ = {
			isa = PBXGroup;
			children = (
				413942422761F0F7005B42B4 /* TabView */,
				4139423F2761F0C3005B42B4 /* MainView.swift */,
			);
			path = MainView;
			sourceTree = "<group>";
		};
		413942422761F0F7005B42B4 /* TabView */ = {
			isa = PBXGroup;
			children = (
				4139425627633210005B42B4 /* ContentView */,
				4139425A2763325D005B42B4 /* Video */,
				4139425927633257005B42B4 /* Map */,
				4139425827633243005B42B4 /* Gallery */,
			);
			path = TabView;
			sourceTree = "<group>";
		};
		413942492762EBC5005B42B4 /* Subview */ = {
			isa = PBXGroup;
			children = (
				4139424A2762EBEB005B42B4 /* CoverImageView.swift */,
				41394252276306BC005B42B4 /* AnimalListItemView.swift */,
				4139425B2763329A005B42B4 /* AnimalDetailView.swift */,
				4139425D2763405D005B42B4 /* HeaderView.swift */,
				41EBA4252763447800068F91 /* InsetGalleryView.swift */,
				41EBA427277060A300068F91 /* InsetFactView.swift */,
				41EBA42B2770675500068F91 /* InsetMapView.swift */,
				41EBA42D27706C1800068F91 /* ExternalWebLinkView.swift */,
				41207CC6277C474B00D8DF3E /* AnimalGridItemView.swift */,
				41207CED277C57A500D8DF3E /* CreditsView.swift */,
			);
			path = Subview;
			sourceTree = "<group>";
		};
		4139424C2762EDE9005B42B4 /* Model */ = {
			isa = PBXGroup;
			children = (
				4139424D2762EE08005B42B4 /* CoverImageModel.swift */,
				4139425427630AE5005B42B4 /* AnimalModel.swift */,
				41EBA42F277303F700068F91 /* VideoModel.swift */,
				412F79B1277A0148008FF1DA /* LocationModel.swift */,
			);
			path = Model;
			sourceTree = "<group>";
		};
		4139424F2762EF28005B42B4 /* Extension */ = {
			isa = PBXGroup;
			children = (
				413942502762EF47005B42B4 /* CodableBundleExtension.swift */,
			);
			path = Extension;
			sourceTree = "<group>";
		};
		4139425627633210005B42B4 /* ContentView */ = {
			isa = PBXGroup;
			children = (
				413942492762EBC5005B42B4 /* Subview */,
				413942132760A79F005B42B4 /* ContentView.swift */,
			);
			path = ContentView;
			sourceTree = "<group>";
		};
		4139425827633243005B42B4 /* Gallery */ = {
			isa = PBXGroup;
			children = (
				412F79B8277AAC1E008FF1DA /* Subview */,
				413942472761F13F005B42B4 /* GalleryView.swift */,
			);
			path = Gallery;
			sourceTree = "<group>";
		};
		4139425927633257005B42B4 /* Map */ = {
			isa = PBXGroup;
			children = (
				412F79B3277A0459008FF1DA /* Subview */,
				413942452761F12F005B42B4 /* MapView.swift */,
			);
			path = Map;
			sourceTree = "<group>";
		};
		4139425A2763325D005B42B4 /* Video */ = {
			isa = PBXGroup;
			children = (
				41EBA4312773045B00068F91 /* Subview */,
				413942432761F118005B42B4 /* VideoListView.swift */,
				412F79AC27795554008FF1DA /* VideoPlayerView.swift */,
			);
			path = Video;
			sourceTree = "<group>";
		};
		41EBA4312773045B00068F91 /* Subview */ = {
			isa = PBXGroup;
			children = (
				41EBA434277305EB00068F91 /* VideoListItem.swift */,
			);
			path = Subview;
			sourceTree = "<group>";
		};
/* End PBXGroup section */

/* Begin PBXNativeTarget section */
		41207CE1277C548E00D8DF3E /* Stickers */ = {
			isa = PBXNativeTarget;
			buildConfigurationList = 41207CEA277C549100D8DF3E /* Build configuration list for PBXNativeTarget "Stickers" */;
			buildPhases = (
				41207CE0277C548E00D8DF3E /* Resources */,
			);
			buildRules = (
			);
			dependencies = (
			);
			name = Stickers;
			productName = Stickers;
			productReference = 41207CE2277C548E00D8DF3E /* Stickers.appex */;
			productType = "com.apple.product-type.app-extension.messages-sticker-pack";
		};
		4139420D2760A79F005B42B4 /* Africa */ = {
			isa = PBXNativeTarget;
			buildConfigurationList = 4139421C2760A7A2005B42B4 /* Build configuration list for PBXNativeTarget "Africa" */;
			buildPhases = (
				4139420A2760A79F005B42B4 /* Sources */,
				4139420B2760A79F005B42B4 /* Frameworks */,
				4139420C2760A79F005B42B4 /* Resources */,
				41207CDF277C536D00D8DF3E /* Embed App Extensions */,
			);
			buildRules = (
			);
			dependencies = (
				41207CE8277C549100D8DF3E /* PBXTargetDependency */,
			);
			name = Africa;
			productName = Africa;
			productReference = 4139420E2760A79F005B42B4 /* Africa.app */;
			productType = "com.apple.product-type.application";
		};
/* End PBXNativeTarget section */

/* Begin PBXProject section */
		413942062760A79F005B42B4 /* Project object */ = {
			isa = PBXProject;
			attributes = {
				BuildIndependentTargetsInParallel = 1;
				LastSwiftUpdateCheck = 1300;
				LastUpgradeCheck = 1300;
				TargetAttributes = {
					41207CE1277C548E00D8DF3E = {
						CreatedOnToolsVersion = 13.0;
					};
					4139420D2760A79F005B42B4 = {
						CreatedOnToolsVersion = 13.0;
					};
				};
			};
			buildConfigurationList = 413942092760A79F005B42B4 /* Build configuration list for PBXProject "Africa" */;
			compatibilityVersion = "Xcode 13.0";
			developmentRegion = en;
			hasScannedForEncodings = 0;
			knownRegions = (
				en,
				Base,
			);
			mainGroup = 413942052760A79F005B42B4;
			productRefGroup = 4139420F2760A79F005B42B4 /* Products */;
			projectDirPath = "";
			projectRoot = "";
			targets = (
				4139420D2760A79F005B42B4 /* Africa */,
				41207CE1277C548E00D8DF3E /* Stickers */,
			);
		};
/* End PBXProject section */

/* Begin PBXResourcesBuildPhase section */
		41207CE0277C548E00D8DF3E /* Resources */ = {
			isa = PBXResourcesBuildPhase;
			buildActionMask = 2147483647;
			files = (
				41207CE5277C549100D8DF3E /* Stickers.xcassets in Resources */,
			);
			runOnlyForDeploymentPostprocessing = 0;
		};
		4139420C2760A79F005B42B4 /* Resources */ = {
			isa = PBXResourcesBuildPhase;
			buildActionMask = 2147483647;
			files = (
				4139422E2761ED43005B42B4 /* ostrich.mp4 in Resources */,
				413942302761ED43005B42B4 /* lion.mp4 in Resources */,
				4139423D2761EE2C005B42B4 /* locations.json in Resources */,
				4139422D2761ED43005B42B4 /* hippo.mp4 in Resources */,
				4139422C2761ED43005B42B4 /* elephant.mp4 in Resources */,
				4139423A2761EE2C005B42B4 /* videos.json in Resources */,
				4139422B2761ED43005B42B4 /* rhino.mp4 in Resources */,
				413942192760A7A2005B42B4 /* Preview Assets.xcassets in Resources */,
				4139423B2761EE2C005B42B4 /* animals.json in Resources */,
				413942322761ED43005B42B4 /* cheetah.mp4 in Resources */,
				4139422F2761ED43005B42B4 /* zebra.mp4 in Resources */,
				4139423C2761EE2C005B42B4 /* covers.json in Resources */,
				413942162760A7A2005B42B4 /* Assets.xcassets in Resources */,
				413942312761ED43005B42B4 /* giraffe.mp4 in Resources */,
				413942332761ED43005B42B4 /* gorilla.mp4 in Resources */,
				413942342761ED43005B42B4 /* lioness.mp4 in Resources */,
			);
			runOnlyForDeploymentPostprocessing = 0;
		};
/* End PBXResourcesBuildPhase section */

/* Begin PBXSourcesBuildPhase section */
		4139420A2760A79F005B42B4 /* Sources */ = {
			isa = PBXSourcesBuildPhase;
			buildActionMask = 2147483647;
			files = (
				413942442761F118005B42B4 /* VideoListView.swift in Sources */,
				41394253276306BC005B42B4 /* AnimalListItemView.swift in Sources */,
				413942482761F13F005B42B4 /* GalleryView.swift in Sources */,
				41EBA428277060A300068F91 /* InsetFactView.swift in Sources */,
				4139425E2763405D005B42B4 /* HeaderView.swift in Sources */,
				4139424B2762EBEB005B42B4 /* CoverImageView.swift in Sources */,
				4139424E2762EE08005B42B4 /* CoverImageModel.swift in Sources */,
				4139425C2763329A005B42B4 /* AnimalDetailView.swift in Sources */,
				4139425527630AE5005B42B4 /* AnimalModel.swift in Sources */,
				41EBA42C2770675500068F91 /* InsetMapView.swift in Sources */,
				412F79B02779571A008FF1DA /* VideoPlayerHelper.swift in Sources */,
				413942142760A79F005B42B4 /* ContentView.swift in Sources */,
				41EBA42E27706C1800068F91 /* ExternalWebLinkView.swift in Sources */,
				412F79B7277A05DA008FF1DA /* MapAnnotationView.swift in Sources */,
				413942462761F12F005B42B4 /* MapView.swift in Sources */,
				41EBA430277303F800068F91 /* VideoModel.swift in Sources */,
				413942402761F0C3005B42B4 /* MainView.swift in Sources */,
				412F79B2277A0148008FF1DA /* LocationModel.swift in Sources */,
				41207CC7277C474B00D8DF3E /* AnimalGridItemView.swift in Sources */,
				41EBA4262763447800068F91 /* InsetGalleryView.swift in Sources */,
				41EBA435277305EB00068F91 /* VideoListItem.swift in Sources */,
				41207CEE277C57A500D8DF3E /* CreditsView.swift in Sources */,
				41207CF1277C5B0500D8DF3E /* CenterModifer.swift in Sources */,
				413942122760A79F005B42B4 /* AfricaApp.swift in Sources */,
				412F79BA277AAC6A008FF1DA /* MotionAnimationView.swift in Sources */,
				413942512762EF47005B42B4 /* CodableBundleExtension.swift in Sources */,
				412F79AD27795554008FF1DA /* VideoPlayerView.swift in Sources */,
			);
			runOnlyForDeploymentPostprocessing = 0;
		};
/* End PBXSourcesBuildPhase section */

/* Begin PBXTargetDependency section */
		41207CE8277C549100D8DF3E /* PBXTargetDependency */ = {
			isa = PBXTargetDependency;
			platformFilter = ios;
			target = 41207CE1277C548E00D8DF3E /* Stickers */;
			targetProxy = 41207CE7277C549100D8DF3E /* PBXContainerItemProxy */;
		};
/* End PBXTargetDependency section */

/* Begin XCBuildConfiguration section */
		41207CEB277C549100D8DF3E /* Debug */ = {
			isa = XCBuildConfiguration;
			buildSettings = {
				ASSETCATALOG_COMPILER_APPICON_NAME = "iMessage App Icon";
				CODE_SIGN_STYLE = Automatic;
				CURRENT_PROJECT_VERSION = 1;
				DEVELOPMENT_TEAM = HCKMPTRJKF;
				GENERATE_INFOPLIST_FILE = YES;
				INFOPLIST_FILE = Stickers/Info.plist;
				IPHONEOS_DEPLOYMENT_TARGET = 10.0;
				MARKETING_VERSION = 1.0;
				PRODUCT_BUNDLE_IDENTIFIER = com.linhnguyen.ios.swiftui.Africa.Stickers;
				PRODUCT_NAME = "$(TARGET_NAME)";
				SKIP_INSTALL = YES;
				SUPPORTS_MACCATALYST = NO;
				SWIFT_EMIT_LOC_STRINGS = YES;
				TARGETED_DEVICE_FAMILY = "1,2";
			};
			name = Debug;
		};
		41207CEC277C549100D8DF3E /* Release */ = {
			isa = XCBuildConfiguration;
			buildSettings = {
				ASSETCATALOG_COMPILER_APPICON_NAME = "iMessage App Icon";
				CODE_SIGN_STYLE = Automatic;
				CURRENT_PROJECT_VERSION = 1;
				DEVELOPMENT_TEAM = HCKMPTRJKF;
				GENERATE_INFOPLIST_FILE = YES;
				INFOPLIST_FILE = Stickers/Info.plist;
				IPHONEOS_DEPLOYMENT_TARGET = 10.0;
				MARKETING_VERSION = 1.0;
				PRODUCT_BUNDLE_IDENTIFIER = com.linhnguyen.ios.swiftui.Africa.Stickers;
				PRODUCT_NAME = "$(TARGET_NAME)";
				SKIP_INSTALL = YES;
				SUPPORTS_MACCATALYST = NO;
				SWIFT_EMIT_LOC_STRINGS = YES;
				TARGETED_DEVICE_FAMILY = "1,2";
			};
			name = Release;
		};
		4139421A2760A7A2005B42B4 /* Debug */ = {
			isa = XCBuildConfiguration;
			buildSettings = {
				ALWAYS_SEARCH_USER_PATHS = NO;
				CLANG_ANALYZER_NONNULL = YES;
				CLANG_ANALYZER_NUMBER_OBJECT_CONVERSION = YES_AGGRESSIVE;
				CLANG_CXX_LANGUAGE_STANDARD = "gnu++17";
				CLANG_CXX_LIBRARY = "libc++";
				CLANG_ENABLE_MODULES = YES;
				CLANG_ENABLE_OBJC_ARC = YES;
				CLANG_ENABLE_OBJC_WEAK = YES;
				CLANG_WARN_BLOCK_CAPTURE_AUTORELEASING = YES;
				CLANG_WARN_BOOL_CONVERSION = YES;
				CLANG_WARN_COMMA = YES;
				CLANG_WARN_CONSTANT_CONVERSION = YES;
				CLANG_WARN_DEPRECATED_OBJC_IMPLEMENTATIONS = YES;
				CLANG_WARN_DIRECT_OBJC_ISA_USAGE = YES_ERROR;
				CLANG_WARN_DOCUMENTATION_COMMENTS = YES;
				CLANG_WARN_EMPTY_BODY = YES;
				CLANG_WARN_ENUM_CONVERSION = YES;
				CLANG_WARN_INFINITE_RECURSION = YES;
				CLANG_WARN_INT_CONVERSION = YES;
				CLANG_WARN_NON_LITERAL_NULL_CONVERSION = YES;
				CLANG_WARN_OBJC_IMPLICIT_RETAIN_SELF = YES;
				CLANG_WARN_OBJC_LITERAL_CONVERSION = YES;
				CLANG_WARN_OBJC_ROOT_CLASS = YES_ERROR;
				CLANG_WARN_QUOTED_INCLUDE_IN_FRAMEWORK_HEADER = YES;
				CLANG_WARN_RANGE_LOOP_ANALYSIS = YES;
				CLANG_WARN_STRICT_PROTOTYPES = YES;
				CLANG_WARN_SUSPICIOUS_MOVE = YES;
				CLANG_WARN_UNGUARDED_AVAILABILITY = YES_AGGRESSIVE;
				CLANG_WARN_UNREACHABLE_CODE = YES;
				CLANG_WARN__DUPLICATE_METHOD_MATCH = YES;
				COPY_PHASE_STRIP = NO;
				DEBUG_INFORMATION_FORMAT = dwarf;
				ENABLE_STRICT_OBJC_MSGSEND = YES;
				ENABLE_TESTABILITY = YES;
				GCC_C_LANGUAGE_STANDARD = gnu11;
				GCC_DYNAMIC_NO_PIC = NO;
				GCC_NO_COMMON_BLOCKS = YES;
				GCC_OPTIMIZATION_LEVEL = 0;
				GCC_PREPROCESSOR_DEFINITIONS = (
					"DEBUG=1",
					"$(inherited)",
				);
				GCC_WARN_64_TO_32_BIT_CONVERSION = YES;
				GCC_WARN_ABOUT_RETURN_TYPE = YES_ERROR;
				GCC_WARN_UNDECLARED_SELECTOR = YES;
				GCC_WARN_UNINITIALIZED_AUTOS = YES_AGGRESSIVE;
				GCC_WARN_UNUSED_FUNCTION = YES;
				GCC_WARN_UNUSED_VARIABLE = YES;
				IPHONEOS_DEPLOYMENT_TARGET = 15.0;
				MTL_ENABLE_DEBUG_INFO = INCLUDE_SOURCE;
				MTL_FAST_MATH = YES;
				ONLY_ACTIVE_ARCH = YES;
				SDKROOT = iphoneos;
				SWIFT_ACTIVE_COMPILATION_CONDITIONS = DEBUG;
				SWIFT_OPTIMIZATION_LEVEL = "-Onone";
			};
			name = Debug;
		};
		4139421B2760A7A2005B42B4 /* Release */ = {
			isa = XCBuildConfiguration;
			buildSettings = {
				ALWAYS_SEARCH_USER_PATHS = NO;
				CLANG_ANALYZER_NONNULL = YES;
				CLANG_ANALYZER_NUMBER_OBJECT_CONVERSION = YES_AGGRESSIVE;
				CLANG_CXX_LANGUAGE_STANDARD = "gnu++17";
				CLANG_CXX_LIBRARY = "libc++";
				CLANG_ENABLE_MODULES = YES;
				CLANG_ENABLE_OBJC_ARC = YES;
				CLANG_ENABLE_OBJC_WEAK = YES;
				CLANG_WARN_BLOCK_CAPTURE_AUTORELEASING = YES;
				CLANG_WARN_BOOL_CONVERSION = YES;
				CLANG_WARN_COMMA = YES;
				CLANG_WARN_CONSTANT_CONVERSION = YES;
				CLANG_WARN_DEPRECATED_OBJC_IMPLEMENTATIONS = YES;
				CLANG_WARN_DIRECT_OBJC_ISA_USAGE = YES_ERROR;
				CLANG_WARN_DOCUMENTATION_COMMENTS = YES;
				CLANG_WARN_EMPTY_BODY = YES;
				CLANG_WARN_ENUM_CONVERSION = YES;
				CLANG_WARN_INFINITE_RECURSION = YES;
				CLANG_WARN_INT_CONVERSION = YES;
				CLANG_WARN_NON_LITERAL_NULL_CONVERSION = YES;
				CLANG_WARN_OBJC_IMPLICIT_RETAIN_SELF = YES;
				CLANG_WARN_OBJC_LITERAL_CONVERSION = YES;
				CLANG_WARN_OBJC_ROOT_CLASS = YES_ERROR;
				CLANG_WARN_QUOTED_INCLUDE_IN_FRAMEWORK_HEADER = YES;
				CLANG_WARN_RANGE_LOOP_ANALYSIS = YES;
				CLANG_WARN_STRICT_PROTOTYPES = YES;
				CLANG_WARN_SUSPICIOUS_MOVE = YES;
				CLANG_WARN_UNGUARDED_AVAILABILITY = YES_AGGRESSIVE;
				CLANG_WARN_UNREACHABLE_CODE = YES;
				CLANG_WARN__DUPLICATE_METHOD_MATCH = YES;
				COPY_PHASE_STRIP = NO;
				DEBUG_INFORMATION_FORMAT = "dwarf-with-dsym";
				ENABLE_NS_ASSERTIONS = NO;
				ENABLE_STRICT_OBJC_MSGSEND = YES;
				GCC_C_LANGUAGE_STANDARD = gnu11;
				GCC_NO_COMMON_BLOCKS = YES;
				GCC_WARN_64_TO_32_BIT_CONVERSION = YES;
				GCC_WARN_ABOUT_RETURN_TYPE = YES_ERROR;
				GCC_WARN_UNDECLARED_SELECTOR = YES;
				GCC_WARN_UNINITIALIZED_AUTOS = YES_AGGRESSIVE;
				GCC_WARN_UNUSED_FUNCTION = YES;
				GCC_WARN_UNUSED_VARIABLE = YES;
				IPHONEOS_DEPLOYMENT_TARGET = 15.0;
				MTL_ENABLE_DEBUG_INFO = NO;
				MTL_FAST_MATH = YES;
				SDKROOT = iphoneos;
				SWIFT_COMPILATION_MODE = wholemodule;
				SWIFT_OPTIMIZATION_LEVEL = "-O";
				VALIDATE_PRODUCT = YES;
			};
			name = Release;
		};
		4139421D2760A7A2005B42B4 /* Debug */ = {
			isa = XCBuildConfiguration;
			buildSettings = {
				ASSETCATALOG_COMPILER_APPICON_NAME = AppIcon;
				ASSETCATALOG_COMPILER_GLOBAL_ACCENT_COLOR_NAME = AccentColor;
				CODE_SIGN_ENTITLEMENTS = Africa/Africa.entitlements;
				CODE_SIGN_STYLE = Automatic;
				CURRENT_PROJECT_VERSION = 1;
				DEVELOPMENT_ASSET_PATHS = "\"Africa/Preview Content\"";
				DEVELOPMENT_TEAM = HCKMPTRJKF;
				ENABLE_PREVIEWS = YES;
				GENERATE_INFOPLIST_FILE = YES;
				INFOPLIST_FILE = Africa/Info.plist;
				INFOPLIST_KEY_UIApplicationSceneManifest_Generation = YES;
				INFOPLIST_KEY_UIApplicationSupportsIndirectInputEvents = YES;
				INFOPLIST_KEY_UISupportedInterfaceOrientations_iPad = "UIInterfaceOrientationPortrait UIInterfaceOrientationPortraitUpsideDown UIInterfaceOrientationLandscapeLeft UIInterfaceOrientationLandscapeRight";
				INFOPLIST_KEY_UISupportedInterfaceOrientations_iPhone = "UIInterfaceOrientationPortrait UIInterfaceOrientationLandscapeLeft UIInterfaceOrientationLandscapeRight";
				INFOPLIST_KEY_UIUserInterfaceStyle = Dark;
				IPHONEOS_DEPLOYMENT_TARGET = 14.0;
				LD_RUNPATH_SEARCH_PATHS = (
					"$(inherited)",
					"@executable_path/Frameworks",
				);
				MARKETING_VERSION = 1.0;
				PRODUCT_BUNDLE_IDENTIFIER = com.linhnguyen.ios.swiftui.Africa;
				PRODUCT_NAME = "$(TARGET_NAME)";
				SUPPORTS_MACCATALYST = YES;
				SWIFT_EMIT_LOC_STRINGS = YES;
				SWIFT_VERSION = 5.0;
				TARGETED_DEVICE_FAMILY = "1,2";
			};
			name = Debug;
		};
		4139421E2760A7A2005B42B4 /* Release */ = {
			isa = XCBuildConfiguration;
			buildSettings = {
				ASSETCATALOG_COMPILER_APPICON_NAME = AppIcon;
				ASSETCATALOG_COMPILER_GLOBAL_ACCENT_COLOR_NAME = AccentColor;
				CODE_SIGN_ENTITLEMENTS = Africa/Africa.entitlements;
				CODE_SIGN_STYLE = Automatic;
				CURRENT_PROJECT_VERSION = 1;
				DEVELOPMENT_ASSET_PATHS = "\"Africa/Preview Content\"";
				DEVELOPMENT_TEAM = HCKMPTRJKF;
				ENABLE_PREVIEWS = YES;
				GENERATE_INFOPLIST_FILE = YES;
				INFOPLIST_FILE = Africa/Info.plist;
				INFOPLIST_KEY_UIApplicationSceneManifest_Generation = YES;
				INFOPLIST_KEY_UIApplicationSupportsIndirectInputEvents = YES;
				INFOPLIST_KEY_UISupportedInterfaceOrientations_iPad = "UIInterfaceOrientationPortrait UIInterfaceOrientationPortraitUpsideDown UIInterfaceOrientationLandscapeLeft UIInterfaceOrientationLandscapeRight";
				INFOPLIST_KEY_UISupportedInterfaceOrientations_iPhone = "UIInterfaceOrientationPortrait UIInterfaceOrientationLandscapeLeft UIInterfaceOrientationLandscapeRight";
				INFOPLIST_KEY_UIUserInterfaceStyle = Dark;
				IPHONEOS_DEPLOYMENT_TARGET = 14.0;
				LD_RUNPATH_SEARCH_PATHS = (
					"$(inherited)",
					"@executable_path/Frameworks",
				);
				MARKETING_VERSION = 1.0;
				PRODUCT_BUNDLE_IDENTIFIER = com.linhnguyen.ios.swiftui.Africa;
				PRODUCT_NAME = "$(TARGET_NAME)";
				SUPPORTS_MACCATALYST = YES;
				SWIFT_EMIT_LOC_STRINGS = YES;
				SWIFT_VERSION = 5.0;
				TARGETED_DEVICE_FAMILY = "1,2";
			};
			name = Release;
		};
/* End XCBuildConfiguration section */

/* Begin XCConfigurationList section */
		41207CEA277C549100D8DF3E /* Build configuration list for PBXNativeTarget "Stickers" */ = {
			isa = XCConfigurationList;
			buildConfigurations = (
				41207CEB277C549100D8DF3E /* Debug */,
				41207CEC277C549100D8DF3E /* Release */,
			);
			defaultConfigurationIsVisible = 0;
			defaultConfigurationName = Release;
		};
		413942092760A79F005B42B4 /* Build configuration list for PBXProject "Africa" */ = {
			isa = XCConfigurationList;
			buildConfigurations = (
				4139421A2760A7A2005B42B4 /* Debug */,
				4139421B2760A7A2005B42B4 /* Release */,
			);
			defaultConfigurationIsVisible = 0;
			defaultConfigurationName = Release;
		};
		4139421C2760A7A2005B42B4 /* Build configuration list for PBXNativeTarget "Africa" */ = {
			isa = XCConfigurationList;
			buildConfigurations = (
				4139421D2760A7A2005B42B4 /* Debug */,
				4139421E2760A7A2005B42B4 /* Release */,
			);
			defaultConfigurationIsVisible = 0;
			defaultConfigurationName = Release;
		};
/* End XCConfigurationList section */
	};
	rootObject = 413942062760A79F005B42B4 /* Project object */;
}
